
Microsoft Visual Studio Solution File, Format Version 12.00
# Visual Studio Version 17
VisualStudioVersion = 17.11.35208.52
MinimumVisualStudioVersion = 10.0.40219.1
Project("{FAE04EC0-301F-11D3-BF4B-00C04F79EFBC}") = "DEVELOPER TEST .NET C# (ADELEYE_IBUKUN_JOHN)", "DEVELOPER TEST .NET C# (ADELEYE_IBUKUN_JOHN).csproj", "{2760C54E-BB43-4943-BF6F-E37A3EA8EFE5}"
EndProject
Global
	GlobalSection(SolutionConfigurationPlatforms) = preSolution
		Debug|Any CPU = Debug|Any CPU
		Release|Any CPU = Release|Any CPU
	EndGlobalSection
	GlobalSection(ProjectConfigurationPlatforms) = postSolution
		{2760C54E-BB43-4943-BF6F-E37A3EA8EFE5}.Debug|Any CPU.ActiveCfg = Debug|Any CPU
		{2760C54E-BB43-4943-BF6F-E37A3EA8EFE5}.Debug|Any CPU.Build.0 = Debug|Any CPU
		{2760C54E-BB43-4943-BF6F-E37A3EA8EFE5}.Release|Any CPU.ActiveCfg = Release|Any CPU
		{2760C54E-BB43-4943-BF6F-E37A3EA8EFE5}.Release|Any CPU.Build.0 = Release|Any CPU
	EndGlobalSection
	GlobalSection(SolutionProperties) = preSolution
		HideSolutionNode = FALSE
	EndGlobalSection
	GlobalSection(ExtensibilityGlobals) = postSolution
		SolutionGuid = {A44E41DF-9EBD-40A8-A95B-3091CBB7499D}
	EndGlobalSection
EndGlobal
